
Microsoft Visual Studio Solution File, Format Version 12.00
# Visual Studio Version 16
VisualStudioVersion = 16.0.30204.135
MinimumVisualStudioVersion = 10.0.40219.1
Project("{9A19103F-16F7-4668-BE54-9A1E7A4F7556}") = "User.Microservice", "User.Microservice\User.Microservice.csproj", "{817DCAB9-65F6-4F92-B424-C3DF55250FB0}"
EndProject
Project("{9A19103F-16F7-4668-BE54-9A1E7A4F7556}") = "Dashboard.Microservice", "Dashboard.Microservice\Dashboard.Microservice.csproj", "{F53B0CDB-7BE0-4999-9978-39B19A0B7F6D}"
EndProject
Project("{9A19103F-16F7-4668-BE54-9A1E7A4F7556}") = "InterviewtrackerGateway.WebApi", "InterviewtrackerGateway.WebApi\InterviewtrackerGateway.WebApi.csproj", "{C93D02FA-908C-4FEE-945F-D5194A1645B1}"
EndProject
Project("{9A19103F-16F7-4668-BE54-9A1E7A4F7556}") = "InterviewTrackerTest.Tests", "InterviewTrackerTest.Tests\InterviewTrackerTest.Tests.csproj", "{5EFDE92E-7CEF-462A-AE3C-A142C65472A3}"
EndProject
Global
	GlobalSection(SolutionConfigurationPlatforms) = preSolution
		Debug|Any CPU = Debug|Any CPU
		Release|Any CPU = Release|Any CPU
	EndGlobalSection
	GlobalSection(ProjectConfigurationPlatforms) = postSolution
		{817DCAB9-65F6-4F92-B424-C3DF55250FB0}.Debug|Any CPU.ActiveCfg = Debug|Any CPU
		{817DCAB9-65F6-4F92-B424-C3DF55250FB0}.Debug|Any CPU.Build.0 = Debug|Any CPU
		{817DCAB9-65F6-4F92-B424-C3DF55250FB0}.Release|Any CPU.ActiveCfg = Release|Any CPU
		{817DCAB9-65F6-4F92-B424-C3DF55250FB0}.Release|Any CPU.Build.0 = Release|Any CPU
		{F53B0CDB-7BE0-4999-9978-39B19A0B7F6D}.Debug|Any CPU.ActiveCfg = Debug|Any CPU
		{F53B0CDB-7BE0-4999-9978-39B19A0B7F6D}.Debug|Any CPU.Build.0 = Debug|Any CPU
		{F53B0CDB-7BE0-4999-9978-39B19A0B7F6D}.Release|Any CPU.ActiveCfg = Release|Any CPU
		{F53B0CDB-7BE0-4999-9978-39B19A0B7F6D}.Release|Any CPU.Build.0 = Release|Any CPU
		{C93D02FA-908C-4FEE-945F-D5194A1645B1}.Debug|Any CPU.ActiveCfg = Debug|Any CPU
		{C93D02FA-908C-4FEE-945F-D5194A1645B1}.Debug|Any CPU.Build.0 = Debug|Any CPU
		{C93D02FA-908C-4FEE-945F-D5194A1645B1}.Release|Any CPU.ActiveCfg = Release|Any CPU
		{C93D02FA-908C-4FEE-945F-D5194A1645B1}.Release|Any CPU.Build.0 = Release|Any CPU
		{5EFDE92E-7CEF-462A-AE3C-A142C65472A3}.Debug|Any CPU.ActiveCfg = Debug|Any CPU
		{5EFDE92E-7CEF-462A-AE3C-A142C65472A3}.Debug|Any CPU.Build.0 = Debug|Any CPU
		{5EFDE92E-7CEF-462A-AE3C-A142C65472A3}.Release|Any CPU.ActiveCfg = Release|Any CPU
		{5EFDE92E-7CEF-462A-AE3C-A142C65472A3}.Release|Any CPU.Build.0 = Release|Any CPU
	EndGlobalSection
	GlobalSection(SolutionProperties) = preSolution
		HideSolutionNode = FALSE
	EndGlobalSection
	GlobalSection(ExtensibilityGlobals) = postSolution
		SolutionGuid = {D3B335D1-2F25-4B18-8BA4-009A07C5C456}
	EndGlobalSection
EndGlobal
